
Microsoft Visual Studio Solution File, Format Version 12.00
# Visual Studio Version 17
VisualStudioVersion = 17.9.34607.119
MinimumVisualStudioVersion = 10.0.40219.1
Project("{FAE04EC0-301F-11D3-BF4B-00C04F79EFBC}") = "Lab2", "Lab2\Lab2.csproj", "{970FBBB9-34DD-46FE-B540-A9153275CCC6}"
EndProject
Project("{FAE04EC0-301F-11D3-BF4B-00C04F79EFBC}") = "PersonLibrary", "PersonLibrary\PersonLibrary.csproj", "{E9BA681B-433F-4349-A4CF-150E08C41E39}"
EndProject
Global
	GlobalSection(SolutionConfigurationPlatforms) = preSolution
		Debug|Any CPU = Debug|Any CPU
		Release|Any CPU = Release|Any CPU
	EndGlobalSection
	GlobalSection(ProjectConfigurationPlatforms) = postSolution
		{970FBBB9-34DD-46FE-B540-A9153275CCC6}.Debug|Any CPU.ActiveCfg = Debug|Any CPU
		{970FBBB9-34DD-46FE-B540-A9153275CCC6}.Debug|Any CPU.Build.0 = Debug|Any CPU
		{970FBBB9-34DD-46FE-B540-A9153275CCC6}.Release|Any CPU.ActiveCfg = Release|Any CPU
		{970FBBB9-34DD-46FE-B540-A9153275CCC6}.Release|Any CPU.Build.0 = Release|Any CPU
		{E9BA681B-433F-4349-A4CF-150E08C41E39}.Debug|Any CPU.ActiveCfg = Debug|Any CPU
		{E9BA681B-433F-4349-A4CF-150E08C41E39}.Debug|Any CPU.Build.0 = Debug|Any CPU
		{E9BA681B-433F-4349-A4CF-150E08C41E39}.Release|Any CPU.ActiveCfg = Release|Any CPU
		{E9BA681B-433F-4349-A4CF-150E08C41E39}.Release|Any CPU.Build.0 = Release|Any CPU
	EndGlobalSection
	GlobalSection(SolutionProperties) = preSolution
		HideSolutionNode = FALSE
	EndGlobalSection
	GlobalSection(ExtensibilityGlobals) = postSolution
		SolutionGuid = {36D0CAAE-AE3C-4A5D-8470-ECC44D1676F7}
	EndGlobalSection
EndGlobal
